
Microsoft Visual Studio Solution File, Format Version 12.00
# Visual Studio Version 17
VisualStudioVersion = 17.7.34031.279
MinimumVisualStudioVersion = 10.0.40219.1
Project("{FAE04EC0-301F-11D3-BF4B-00C04F79EFBC}") = "8. Building a calculator", "8. Building a calculator.csproj", "{A1EFAAC2-914B-43F9-85D4-42D96E733932}"
EndProject
Global
	GlobalSection(SolutionConfigurationPlatforms) = preSolution
		Debug|Any CPU = Debug|Any CPU
		Release|Any CPU = Release|Any CPU
	EndGlobalSection
	GlobalSection(ProjectConfigurationPlatforms) = postSolution
		{A1EFAAC2-914B-43F9-85D4-42D96E733932}.Debug|Any CPU.ActiveCfg = Debug|Any CPU
		{A1EFAAC2-914B-43F9-85D4-42D96E733932}.Debug|Any CPU.Build.0 = Debug|Any CPU
		{A1EFAAC2-914B-43F9-85D4-42D96E733932}.Release|Any CPU.ActiveCfg = Release|Any CPU
		{A1EFAAC2-914B-43F9-85D4-42D96E733932}.Release|Any CPU.Build.0 = Release|Any CPU
	EndGlobalSection
	GlobalSection(SolutionProperties) = preSolution
		HideSolutionNode = FALSE
	EndGlobalSection
	GlobalSection(ExtensibilityGlobals) = postSolution
		SolutionGuid = {106F61C4-9CD3-4907-B126-B88A142F3901}
	EndGlobalSection
EndGlobal
